
Microsoft Visual Studio Solution File, Format Version 12.00
# Visual Studio 15
VisualStudioVersion = 15.0.28307.168
MinimumVisualStudioVersion = 10.0.40219.1
Project("{FAE04EC0-301F-11D3-BF4B-00C04F79EFBC}") = "InvoiceTotal", "InvoiceTotal\InvoiceTotal.csproj", "{900EADA8-6760-4824-A779-10F7232E0915}"
EndProject
Global
	GlobalSection(SolutionConfigurationPlatforms) = preSolution
		Debug|Any CPU = Debug|Any CPU
		Release|Any CPU = Release|Any CPU
	EndGlobalSection
	GlobalSection(ProjectConfigurationPlatforms) = postSolution
		{900EADA8-6760-4824-A779-10F7232E0915}.Debug|Any CPU.ActiveCfg = Debug|Any CPU
		{900EADA8-6760-4824-A779-10F7232E0915}.Debug|Any CPU.Build.0 = Debug|Any CPU
		{900EADA8-6760-4824-A779-10F7232E0915}.Release|Any CPU.ActiveCfg = Release|Any CPU
		{900EADA8-6760-4824-A779-10F7232E0915}.Release|Any CPU.Build.0 = Release|Any CPU
	EndGlobalSection
	GlobalSection(SolutionProperties) = preSolution
		HideSolutionNode = FALSE
	EndGlobalSection
	GlobalSection(ExtensibilityGlobals) = postSolution
		SolutionGuid = {8124E435-FFB5-4E7B-99D7-A18F2919275A}
	EndGlobalSection
EndGlobal
