
Microsoft Visual Studio Solution File, Format Version 12.00
# Visual Studio 15
VisualStudioVersion = 15.0.28307.168
MinimumVisualStudioVersion = 10.0.40219.1
Project("{FAE04EC0-301F-11D3-BF4B-00C04F79EFBC}") = "ConstrolStructuresForms", "ConstrolStructuresForms\ConstrolStructuresForms.csproj", "{04805993-C422-451B-B2D8-8D450688C672}"
EndProject
Global
	GlobalSection(SolutionConfigurationPlatforms) = preSolution
		Debug|Any CPU = Debug|Any CPU
		Release|Any CPU = Release|Any CPU
	EndGlobalSection
	GlobalSection(ProjectConfigurationPlatforms) = postSolution
		{04805993-C422-451B-B2D8-8D450688C672}.Debug|Any CPU.ActiveCfg = Debug|Any CPU
		{04805993-C422-451B-B2D8-8D450688C672}.Debug|Any CPU.Build.0 = Debug|Any CPU
		{04805993-C422-451B-B2D8-8D450688C672}.Release|Any CPU.ActiveCfg = Release|Any CPU
		{04805993-C422-451B-B2D8-8D450688C672}.Release|Any CPU.Build.0 = Release|Any CPU
	EndGlobalSection
	GlobalSection(SolutionProperties) = preSolution
		HideSolutionNode = FALSE
	EndGlobalSection
	GlobalSection(ExtensibilityGlobals) = postSolution
		SolutionGuid = {46B5BF99-E4EC-4DA3-954D-BABD307955B7}
	EndGlobalSection
EndGlobal
