
Microsoft Visual Studio Solution File, Format Version 12.00
# Visual Studio 15
VisualStudioVersion = 15.0.28307.168
MinimumVisualStudioVersion = 10.0.40219.1
Project("{FAE04EC0-301F-11D3-BF4B-00C04F79EFBC}") = "CollectionsSample", "CollectionsSample\CollectionsSample.csproj", "{A1965215-AC8D-43A2-B3F7-1F6458A370A6}"
EndProject
Global
	GlobalSection(SolutionConfigurationPlatforms) = preSolution
		Debug|Any CPU = Debug|Any CPU
		Release|Any CPU = Release|Any CPU
	EndGlobalSection
	GlobalSection(ProjectConfigurationPlatforms) = postSolution
		{A1965215-AC8D-43A2-B3F7-1F6458A370A6}.Debug|Any CPU.ActiveCfg = Debug|Any CPU
		{A1965215-AC8D-43A2-B3F7-1F6458A370A6}.Debug|Any CPU.Build.0 = Debug|Any CPU
		{A1965215-AC8D-43A2-B3F7-1F6458A370A6}.Release|Any CPU.ActiveCfg = Release|Any CPU
		{A1965215-AC8D-43A2-B3F7-1F6458A370A6}.Release|Any CPU.Build.0 = Release|Any CPU
	EndGlobalSection
	GlobalSection(SolutionProperties) = preSolution
		HideSolutionNode = FALSE
	EndGlobalSection
	GlobalSection(ExtensibilityGlobals) = postSolution
		SolutionGuid = {3AD9C993-E5DE-43DC-A65F-04B1563BD8C5}
	EndGlobalSection
EndGlobal
